
Microsoft Visual Studio Solution File, Format Version 12.00
# Visual Studio Version 17
VisualStudioVersion = 17.3.32929.385
MinimumVisualStudioVersion = 10.0.40219.1
Project("{FAE04EC0-301F-11D3-BF4B-00C04F79EFBC}") = "NZWalks-rohenba.API", "NZWalks-rohenba.API\NZWalks-rohenba.API.csproj", "{95FA4EBE-B740-4EAD-9988-4EB63F97B515}"
EndProject
Global
	GlobalSection(SolutionConfigurationPlatforms) = preSolution
		Debug|Any CPU = Debug|Any CPU
		Release|Any CPU = Release|Any CPU
	EndGlobalSection
	GlobalSection(ProjectConfigurationPlatforms) = postSolution
		{95FA4EBE-B740-4EAD-9988-4EB63F97B515}.Debug|Any CPU.ActiveCfg = Debug|Any CPU
		{95FA4EBE-B740-4EAD-9988-4EB63F97B515}.Debug|Any CPU.Build.0 = Debug|Any CPU
		{95FA4EBE-B740-4EAD-9988-4EB63F97B515}.Release|Any CPU.ActiveCfg = Release|Any CPU
		{95FA4EBE-B740-4EAD-9988-4EB63F97B515}.Release|Any CPU.Build.0 = Release|Any CPU
	EndGlobalSection
	GlobalSection(SolutionProperties) = preSolution
		HideSolutionNode = FALSE
	EndGlobalSection
	GlobalSection(ExtensibilityGlobals) = postSolution
		SolutionGuid = {347B0907-F3F8-47CB-8499-26DBC17C8D0E}
	EndGlobalSection
EndGlobal
